
Microsoft Visual Studio Solution File, Format Version 12.00
# Visual Studio Version 17
VisualStudioVersion = 17.0.31912.275
MinimumVisualStudioVersion = 10.0.40219.1
Project("{FAE04EC0-301F-11D3-BF4B-00C04F79EFBC}") = "GitForProgrammers", "GitForProgrammers\GitForProgrammers.csproj", "{589FD4B8-A45C-4B27-84BD-C1E332DB8258}"
EndProject
Global
	GlobalSection(SolutionConfigurationPlatforms) = preSolution
		Debug|Any CPU = Debug|Any CPU
		Release|Any CPU = Release|Any CPU
	EndGlobalSection
	GlobalSection(ProjectConfigurationPlatforms) = postSolution
		{589FD4B8-A45C-4B27-84BD-C1E332DB8258}.Debug|Any CPU.ActiveCfg = Debug|Any CPU
		{589FD4B8-A45C-4B27-84BD-C1E332DB8258}.Debug|Any CPU.Build.0 = Debug|Any CPU
		{589FD4B8-A45C-4B27-84BD-C1E332DB8258}.Release|Any CPU.ActiveCfg = Release|Any CPU
		{589FD4B8-A45C-4B27-84BD-C1E332DB8258}.Release|Any CPU.Build.0 = Release|Any CPU
	EndGlobalSection
	GlobalSection(SolutionProperties) = preSolution
		HideSolutionNode = FALSE
	EndGlobalSection
	GlobalSection(ExtensibilityGlobals) = postSolution
		SolutionGuid = {A3DBA2E3-14ED-44C9-9C58-8CA4A841292C}
	EndGlobalSection
EndGlobal
